<?xml version="1.0" encoding="utf-8"?>
<Project ToolsVersion="4.0" xmlns="http://schemas.microsoft.com/developer/msbuild/2003">
  <ItemGroup>
    <Filter Include="Header Files">
      <UniqueIdentifier>{93995380-89BD-4b04-88EB-625FBE52EBFB}</UniqueIdentifier>
      <Extensions>h;hh;hpp;hxx;h++;hm;inl;inc;ipp;xsd</Extensions>
    </Filter>
    <Filter Include="Source Files">
      <UniqueIdentifier>{4FC737F1-C7A5-4376-A066-2A32D752A2FF}</UniqueIdentifier>
      <Extensions>cpp;c;cc;cxx;c++;cppm;ixx;def;odl;idl;hpj;bat;asm;asmx</Extensions>
    </Filter>
    <Filter Include="Resource Files">
      <UniqueIdentifier>{67DA6AB6-F800-4c08-8B7A-83BB121AAD01}</UniqueIdentifier>
      <Extensions>rc;ico;cur;bmp;dlg;rc2;rct;bin;rgs;gif;jpg;jpeg;jpe;resx;tiff;tif;png;wav;mfcribbon-ms</Extensions>
    </Filter>
    <Filter Include="Attribute">
      <UniqueIdentifier>{a1b2c3d4-e5f6-7890-abcd-ef1234567890}</UniqueIdentifier>
    </Filter>
    <Filter Include="Renderer">
      <UniqueIdentifier>{b2c3d4e5-f6a7-8901-bcde-f12345678901}</UniqueIdentifier>
    </Filter>
    <Filter Include="Converter">
      <UniqueIdentifier>{c3d4e5f6-a7b8-9012-cdef-123456789012}</UniqueIdentifier>
    </Filter>
    <Filter Include="Image">
      <UniqueIdentifier>{d4e5f6a7-b8c9-0123-defa-234567890123}</UniqueIdentifier>
    </Filter>
    <Filter Include="SvgAPI">
      <UniqueIdentifier>{e5f6a7b8-c9d0-1234-efab-345678901234}</UniqueIdentifier>
    </Filter>
  </ItemGroup>
  <ItemGroup>
    <ClInclude Include="framework.h">
      <Filter>Header Files</Filter>
    </ClInclude>
    <ClInclude Include="pch.h">
      <Filter>Header Files</Filter>
    </ClInclude>
    <ClInclude Include="Attribute\D2DAttributeReader.h">
      <Filter>Attribute</Filter>
    </ClInclude>
    <ClInclude Include="Renderer\D2DRenderer.h">
      <Filter>Renderer</Filter>
    </ClInclude>
    <ClInclude Include="Converter\SVGImageConverter.h">
      <Filter>Converter</Filter>
    </ClInclude>
    <ClInclude Include="Image\CSVGImage.h">
      <Filter>Image</Filter>
    </ClInclude>
    <ClInclude Include="..\SvgAPI\ISVGAttributeReader.h">
      <Filter>SvgAPI</Filter>
    </ClInclude>
    <ClInclude Include="..\SvgAPI\ISVGRenderer.h">
      <Filter>SvgAPI</Filter>
    </ClInclude>
    <ClInclude Include="..\SvgAPI\ISVGImage.h">
      <Filter>SvgAPI</Filter>
    </ClInclude>
  </ItemGroup>
  <ItemGroup>
    <ClCompile Include="pch.cpp">
      <Filter>Source Files</Filter>
    </ClCompile>
    <ClCompile Include="Attribute\D2DAttributeReader.cpp">
      <Filter>Attribute</Filter>
    </ClCompile>
    <ClCompile Include="Converter\SVGImageConverter.cpp">
      <Filter>Converter</Filter>
    </ClCompile>
    <ClCompile Include="Image\CSVGImage.cpp">
      <Filter>Image</Filter>
    </ClCompile>
    <ClCompile Include="Renderer\D2DRenderer.cpp">
      <Filter>Renderer</Filter>
    </ClCompile>
  </ItemGroup>
</Project>
